
Microsoft Visual Studio Solution File, Format Version 12.00
# Visual Studio Version 17
VisualStudioVersion = 17.0.31903.59
MinimumVisualStudioVersion = 10.0.40219.1
Project("{2150E333-8FDC-42A3-9474-1A3956D46DE8}") = "src", "src", "{827E0CD3-B72D-47B6-A68D-7590B98EB39B}"
EndProject
Project("{FAE04EC0-301F-11D3-BF4B-00C04F79EFBC}") = "SyLabAI.ControlApi", "src\SyLabAI.ControlApi\SyLabAI.ControlApi.csproj", "{EE27482E-A4D5-4CEE-8B29-615AE02CFC08}"
EndProject
Project("{FAE04EC0-301F-11D3-BF4B-00C04F79EFBC}") = "SyLabAI.Application", "src\SyLabAI.Application\SyLabAI.Application.csproj", "{E6FD20EE-8664-41D2-9119-EAFE6FBD8353}"
EndProject
Project("{FAE04EC0-301F-11D3-BF4B-00C04F79EFBC}") = "SyLabAI.Domain", "src\SyLabAI.Domain\SyLabAI.Domain.csproj", "{79E2C012-BFF2-4159-888E-D3CABFA0084D}"
EndProject
Project("{FAE04EC0-301F-11D3-BF4B-00C04F79EFBC}") = "SyLabAI.Infrastructure.AI", "src\SyLabAI.Infrastructure.AI\SyLabAI.Infrastructure.AI.csproj", "{DA83A275-F153-46FF-9447-E0DAFDD1935F}"
EndProject
Project("{FAE04EC0-301F-11D3-BF4B-00C04F79EFBC}") = "SyLabAI.Infrastructure.Documents", "src\SyLabAI.Infrastructure.Documents\SyLabAI.Infrastructure.Documents.csproj", "{BC7D1AD9-73AB-4746-ABEC-3A8C0A054801}"
EndProject
Project("{FAE04EC0-301F-11D3-BF4B-00C04F79EFBC}") = "SyLabAI.Infrastructure.Sqlite", "src\SyLabAI.Infrastructure.Sqlite\SyLabAI.Infrastructure.Sqlite.csproj", "{3D25B385-F6D9-4325-A795-CBBE0CE39E50}"
EndProject
Project("{FAE04EC0-301F-11D3-BF4B-00C04F79EFBC}") = "SyLabAI.Worker", "src\SyLabAI.Worker\SyLabAI.Worker.csproj", "{E1025B72-C58E-46DC-B18D-67DC488D1195}"
EndProject
Global
	GlobalSection(SolutionConfigurationPlatforms) = preSolution
		Debug|Any CPU = Debug|Any CPU
		Debug|x64 = Debug|x64
		Debug|x86 = Debug|x86
		Release|Any CPU = Release|Any CPU
		Release|x64 = Release|x64
		Release|x86 = Release|x86
	EndGlobalSection
	GlobalSection(ProjectConfigurationPlatforms) = postSolution
		{EE27482E-A4D5-4CEE-8B29-615AE02CFC08}.Debug|Any CPU.ActiveCfg = Debug|Any CPU
		{EE27482E-A4D5-4CEE-8B29-615AE02CFC08}.Debug|Any CPU.Build.0 = Debug|Any CPU
		{EE27482E-A4D5-4CEE-8B29-615AE02CFC08}.Debug|x64.ActiveCfg = Debug|Any CPU
		{EE27482E-A4D5-4CEE-8B29-615AE02CFC08}.Debug|x64.Build.0 = Debug|Any CPU
		{EE27482E-A4D5-4CEE-8B29-615AE02CFC08}.Debug|x86.ActiveCfg = Debug|Any CPU
		{EE27482E-A4D5-4CEE-8B29-615AE02CFC08}.Debug|x86.Build.0 = Debug|Any CPU
		{EE27482E-A4D5-4CEE-8B29-615AE02CFC08}.Release|Any CPU.ActiveCfg = Release|Any CPU
		{EE27482E-A4D5-4CEE-8B29-615AE02CFC08}.Release|Any CPU.Build.0 = Release|Any CPU
		{EE27482E-A4D5-4CEE-8B29-615AE02CFC08}.Release|x64.ActiveCfg = Release|Any CPU
		{EE27482E-A4D5-4CEE-8B29-615AE02CFC08}.Release|x64.Build.0 = Release|Any CPU
		{EE27482E-A4D5-4CEE-8B29-615AE02CFC08}.Release|x86.ActiveCfg = Release|Any CPU
		{EE27482E-A4D5-4CEE-8B29-615AE02CFC08}.Release|x86.Build.0 = Release|Any CPU
		{E6FD20EE-8664-41D2-9119-EAFE6FBD8353}.Debug|Any CPU.ActiveCfg = Debug|Any CPU
		{E6FD20EE-8664-41D2-9119-EAFE6FBD8353}.Debug|Any CPU.Build.0 = Debug|Any CPU
		{E6FD20EE-8664-41D2-9119-EAFE6FBD8353}.Debug|x64.ActiveCfg = Debug|Any CPU
		{E6FD20EE-8664-41D2-9119-EAFE6FBD8353}.Debug|x64.Build.0 = Debug|Any CPU
		{E6FD20EE-8664-41D2-9119-EAFE6FBD8353}.Debug|x86.ActiveCfg = Debug|Any CPU
		{E6FD20EE-8664-41D2-9119-EAFE6FBD8353}.Debug|x86.Build.0 = Debug|Any CPU
		{E6FD20EE-8664-41D2-9119-EAFE6FBD8353}.Release|Any CPU.ActiveCfg = Release|Any CPU
		{E6FD20EE-8664-41D2-9119-EAFE6FBD8353}.Release|Any CPU.Build.0 = Release|Any CPU
		{E6FD20EE-8664-41D2-9119-EAFE6FBD8353}.Release|x64.ActiveCfg = Release|Any CPU
		{E6FD20EE-8664-41D2-9119-EAFE6FBD8353}.Release|x64.Build.0 = Release|Any CPU
		{E6FD20EE-8664-41D2-9119-EAFE6FBD8353}.Release|x86.ActiveCfg = Release|Any CPU
		{E6FD20EE-8664-41D2-9119-EAFE6FBD8353}.Release|x86.Build.0 = Release|Any CPU
		{79E2C012-BFF2-4159-888E-D3CABFA0084D}.Debug|Any CPU.ActiveCfg = Debug|Any CPU
		{79E2C012-BFF2-4159-888E-D3CABFA0084D}.Debug|Any CPU.Build.0 = Debug|Any CPU
		{79E2C012-BFF2-4159-888E-D3CABFA0084D}.Debug|x64.ActiveCfg = Debug|Any CPU
		{79E2C012-BFF2-4159-888E-D3CABFA0084D}.Debug|x64.Build.0 = Debug|Any CPU
		{79E2C012-BFF2-4159-888E-D3CABFA0084D}.Debug|x86.ActiveCfg = Debug|Any CPU
		{79E2C012-BFF2-4159-888E-D3CABFA0084D}.Debug|x86.Build.0 = Debug|Any CPU
		{79E2C012-BFF2-4159-888E-D3CABFA0084D}.Release|Any CPU.ActiveCfg = Release|Any CPU
		{79E2C012-BFF2-4159-888E-D3CABFA0084D}.Release|Any CPU.Build.0 = Release|Any CPU
		{79E2C012-BFF2-4159-888E-D3CABFA0084D}.Release|x64.ActiveCfg = Release|Any CPU
		{79E2C012-BFF2-4159-888E-D3CABFA0084D}.Release|x64.Build.0 = Release|Any CPU
		{79E2C012-BFF2-4159-888E-D3CABFA0084D}.Release|x86.ActiveCfg = Release|Any CPU
		{79E2C012-BFF2-4159-888E-D3CABFA0084D}.Release|x86.Build.0 = Release|Any CPU
		{DA83A275-F153-46FF-9447-E0DAFDD1935F}.Debug|Any CPU.ActiveCfg = Debug|Any CPU
		{DA83A275-F153-46FF-9447-E0DAFDD1935F}.Debug|Any CPU.Build.0 = Debug|Any CPU
		{DA83A275-F153-46FF-9447-E0DAFDD1935F}.Debug|x64.ActiveCfg = Debug|Any CPU
		{DA83A275-F153-46FF-9447-E0DAFDD1935F}.Debug|x64.Build.0 = Debug|Any CPU
		{DA83A275-F153-46FF-9447-E0DAFDD1935F}.Debug|x86.ActiveCfg = Debug|Any CPU
		{DA83A275-F153-46FF-9447-E0DAFDD1935F}.Debug|x86.Build.0 = Debug|Any CPU
		{DA83A275-F153-46FF-9447-E0DAFDD1935F}.Release|Any CPU.ActiveCfg = Release|Any CPU
		{DA83A275-F153-46FF-9447-E0DAFDD1935F}.Release|Any CPU.Build.0 = Release|Any CPU
		{DA83A275-F153-46FF-9447-E0DAFDD1935F}.Release|x64.ActiveCfg = Release|Any CPU
		{DA83A275-F153-46FF-9447-E0DAFDD1935F}.Release|x64.Build.0 = Release|Any CPU
		{DA83A275-F153-46FF-9447-E0DAFDD1935F}.Release|x86.ActiveCfg = Release|Any CPU
		{DA83A275-F153-46FF-9447-E0DAFDD1935F}.Release|x86.Build.0 = Release|Any CPU
		{BC7D1AD9-73AB-4746-ABEC-3A8C0A054801}.Debug|Any CPU.ActiveCfg = Debug|Any CPU
		{BC7D1AD9-73AB-4746-ABEC-3A8C0A054801}.Debug|Any CPU.Build.0 = Debug|Any CPU
		{BC7D1AD9-73AB-4746-ABEC-3A8C0A054801}.Debug|x64.ActiveCfg = Debug|Any CPU
		{BC7D1AD9-73AB-4746-ABEC-3A8C0A054801}.Debug|x64.Build.0 = Debug|Any CPU
		{BC7D1AD9-73AB-4746-ABEC-3A8C0A054801}.Debug|x86.ActiveCfg = Debug|Any CPU
		{BC7D1AD9-73AB-4746-ABEC-3A8C0A054801}.Debug|x86.Build.0 = Debug|Any CPU
		{BC7D1AD9-73AB-4746-ABEC-3A8C0A054801}.Release|Any CPU.ActiveCfg = Release|Any CPU
		{BC7D1AD9-73AB-4746-ABEC-3A8C0A054801}.Release|Any CPU.Build.0 = Release|Any CPU
		{BC7D1AD9-73AB-4746-ABEC-3A8C0A054801}.Release|x64.ActiveCfg = Release|Any CPU
		{BC7D1AD9-73AB-4746-ABEC-3A8C0A054801}.Release|x64.Build.0 = Release|Any CPU
		{BC7D1AD9-73AB-4746-ABEC-3A8C0A054801}.Release|x86.ActiveCfg = Release|Any CPU
		{BC7D1AD9-73AB-4746-ABEC-3A8C0A054801}.Release|x86.Build.0 = Release|Any CPU
		{3D25B385-F6D9-4325-A795-CBBE0CE39E50}.Debug|Any CPU.ActiveCfg = Debug|Any CPU
		{3D25B385-F6D9-4325-A795-CBBE0CE39E50}.Debug|Any CPU.Build.0 = Debug|Any CPU
		{3D25B385-F6D9-4325-A795-CBBE0CE39E50}.Debug|x64.ActiveCfg = Debug|Any CPU
		{3D25B385-F6D9-4325-A795-CBBE0CE39E50}.Debug|x64.Build.0 = Debug|Any CPU
		{3D25B385-F6D9-4325-A795-CBBE0CE39E50}.Debug|x86.ActiveCfg = Debug|Any CPU
		{3D25B385-F6D9-4325-A795-CBBE0CE39E50}.Debug|x86.Build.0 = Debug|Any CPU
		{3D25B385-F6D9-4325-A795-CBBE0CE39E50}.Release|Any CPU.ActiveCfg = Release|Any CPU
		{3D25B385-F6D9-4325-A795-CBBE0CE39E50}.Release|Any CPU.Build.0 = Release|Any CPU
		{3D25B385-F6D9-4325-A795-CBBE0CE39E50}.Release|x64.ActiveCfg = Release|Any CPU
		{3D25B385-F6D9-4325-A795-CBBE0CE39E50}.Release|x64.Build.0 = Release|Any CPU
		{3D25B385-F6D9-4325-A795-CBBE0CE39E50}.Release|x86.ActiveCfg = Release|Any CPU
		{3D25B385-F6D9-4325-A795-CBBE0CE39E50}.Release|x86.Build.0 = Release|Any CPU
		{E1025B72-C58E-46DC-B18D-67DC488D1195}.Debug|Any CPU.ActiveCfg = Debug|Any CPU
		{E1025B72-C58E-46DC-B18D-67DC488D1195}.Debug|Any CPU.Build.0 = Debug|Any CPU
		{E1025B72-C58E-46DC-B18D-67DC488D1195}.Debug|x64.ActiveCfg = Debug|Any CPU
		{E1025B72-C58E-46DC-B18D-67DC488D1195}.Debug|x64.Build.0 = Debug|Any CPU
		{E1025B72-C58E-46DC-B18D-67DC488D1195}.Debug|x86.ActiveCfg = Debug|Any CPU
		{E1025B72-C58E-46DC-B18D-67DC488D1195}.Debug|x86.Build.0 = Debug|Any CPU
		{E1025B72-C58E-46DC-B18D-67DC488D1195}.Release|Any CPU.ActiveCfg = Release|Any CPU
		{E1025B72-C58E-46DC-B18D-67DC488D1195}.Release|Any CPU.Build.0 = Release|Any CPU
		{E1025B72-C58E-46DC-B18D-67DC488D1195}.Release|x64.ActiveCfg = Release|Any CPU
		{E1025B72-C58E-46DC-B18D-67DC488D1195}.Release|x64.Build.0 = Release|Any CPU
		{E1025B72-C58E-46DC-B18D-67DC488D1195}.Release|x86.ActiveCfg = Release|Any CPU
		{E1025B72-C58E-46DC-B18D-67DC488D1195}.Release|x86.Build.0 = Release|Any CPU
	EndGlobalSection
	GlobalSection(SolutionProperties) = preSolution
		HideSolutionNode = FALSE
	EndGlobalSection
	GlobalSection(NestedProjects) = preSolution
		{EE27482E-A4D5-4CEE-8B29-615AE02CFC08} = {827E0CD3-B72D-47B6-A68D-7590B98EB39B}
		{E6FD20EE-8664-41D2-9119-EAFE6FBD8353} = {827E0CD3-B72D-47B6-A68D-7590B98EB39B}
		{79E2C012-BFF2-4159-888E-D3CABFA0084D} = {827E0CD3-B72D-47B6-A68D-7590B98EB39B}
		{DA83A275-F153-46FF-9447-E0DAFDD1935F} = {827E0CD3-B72D-47B6-A68D-7590B98EB39B}
		{BC7D1AD9-73AB-4746-ABEC-3A8C0A054801} = {827E0CD3-B72D-47B6-A68D-7590B98EB39B}
		{3D25B385-F6D9-4325-A795-CBBE0CE39E50} = {827E0CD3-B72D-47B6-A68D-7590B98EB39B}
		{E1025B72-C58E-46DC-B18D-67DC488D1195} = {827E0CD3-B72D-47B6-A68D-7590B98EB39B}
	EndGlobalSection
EndGlobal
